
Microsoft Visual Studio Solution File, Format Version 12.00
Project("{FAE04EC0-301F-11D3-BF4B-00C04F79EFBC}") = "BLL", "BLL\BLL.csproj", "{9B53F1E2-24E5-4BB0-BBBD-042D5E7C6905}"
EndProject
Project("{FAE04EC0-301F-11D3-BF4B-00C04F79EFBC}") = "WebAPI", "WebAPI\WebAPI.csproj", "{272E1F63-A9E6-42A5-B849-8C9C377339AD}"
EndProject
Project("{FAE04EC0-301F-11D3-BF4B-00C04F79EFBC}") = "DAL", "DAL\DAL.csproj", "{1753A58F-98AC-49AE-AAA0-F2F86466B7F5}"
EndProject
Global
	GlobalSection(SolutionConfigurationPlatforms) = preSolution
		Debug|Any CPU = Debug|Any CPU
		Release|Any CPU = Release|Any CPU
	EndGlobalSection
	GlobalSection(ProjectConfigurationPlatforms) = postSolution
		{9B53F1E2-24E5-4BB0-BBBD-042D5E7C6905}.Debug|Any CPU.ActiveCfg = Debug|Any CPU
		{9B53F1E2-24E5-4BB0-BBBD-042D5E7C6905}.Debug|Any CPU.Build.0 = Debug|Any CPU
		{9B53F1E2-24E5-4BB0-BBBD-042D5E7C6905}.Release|Any CPU.ActiveCfg = Release|Any CPU
		{9B53F1E2-24E5-4BB0-BBBD-042D5E7C6905}.Release|Any CPU.Build.0 = Release|Any CPU
		{272E1F63-A9E6-42A5-B849-8C9C377339AD}.Debug|Any CPU.ActiveCfg = Debug|Any CPU
		{272E1F63-A9E6-42A5-B849-8C9C377339AD}.Debug|Any CPU.Build.0 = Debug|Any CPU
		{272E1F63-A9E6-42A5-B849-8C9C377339AD}.Release|Any CPU.ActiveCfg = Release|Any CPU
		{272E1F63-A9E6-42A5-B849-8C9C377339AD}.Release|Any CPU.Build.0 = Release|Any CPU
		{1753A58F-98AC-49AE-AAA0-F2F86466B7F5}.Debug|Any CPU.ActiveCfg = Debug|Any CPU
		{1753A58F-98AC-49AE-AAA0-F2F86466B7F5}.Debug|Any CPU.Build.0 = Debug|Any CPU
		{1753A58F-98AC-49AE-AAA0-F2F86466B7F5}.Release|Any CPU.ActiveCfg = Release|Any CPU
		{1753A58F-98AC-49AE-AAA0-F2F86466B7F5}.Release|Any CPU.Build.0 = Release|Any CPU
	EndGlobalSection
EndGlobal
